Microsoft Visual Studio Solution File, Format Version 12.00
# Visual Studio Version 17
VisualStudioVersion = 17.5.2.0
MinimumVisualStudioVersion = 10.0.40219.1
Project("{FAE04EC0-301F-11D3-BF4B-00C04F79EFBC}") = "myfirstconsole", "myfirstconsole.csproj", "{5B8E38B8-658F-A26D-EFC9-9911264C6F1A}"
EndProject
Global
	GlobalSection(SolutionConfigurationPlatforms) = preSolution
		Debug|Any CPU = Debug|Any CPU
		Release|Any CPU = Release|Any CPU
	EndGlobalSection
	GlobalSection(ProjectConfigurationPlatforms) = postSolution
		{5B8E38B8-658F-A26D-EFC9-9911264C6F1A}.Debug|Any CPU.ActiveCfg = Debug|Any CPU
		{5B8E38B8-658F-A26D-EFC9-9911264C6F1A}.Debug|Any CPU.Build.0 = Debug|Any CPU
		{5B8E38B8-658F-A26D-EFC9-9911264C6F1A}.Release|Any CPU.ActiveCfg = Release|Any CPU
		{5B8E38B8-658F-A26D-EFC9-9911264C6F1A}.Release|Any CPU.Build.0 = Release|Any CPU
	EndGlobalSection
	GlobalSection(SolutionProperties) = preSolution
		HideSolutionNode = FALSE
	EndGlobalSection
	GlobalSection(ExtensibilityGlobals) = postSolution
		SolutionGuid = {F9A00D87-3E71-4058-AF21-1B08F89D6FCC}
	EndGlobalSection
EndGlobal
